// !$*UTF8*$!
{
	archiveVersion = 1;
	classes = {
	};
	objectVersion = 46;
	objects = {

/* Begin PBXBuildFile section */
		387D272E1AE01C2700C900F2 /* AppDelegate.swift in Sources */ = {isa = PBXBuildFile; fileRef = 387D272D1AE01C2700C900F2 /* AppDelegate.swift */; };
		387D27311AE01C2800C900F2 /* Learning.xcdatamodeld in Sources */ = {isa = PBXBuildFile; fileRef = 387D272F1AE01C2800C900F2 /* Learning.xcdatamodeld */; };
		387D27331AE01C2800C900F2 /* ViewController.swift in Sources */ = {isa = PBXBuildFile; fileRef = 387D27321AE01C2800C900F2 /* ViewController.swift */; };
		387D27361AE01C2800C900F2 /* Main.storyboard in Resources */ = {isa = PBXBuildFile; fileRef = 387D27341AE01C2800C900F2 /* Main.storyboard */; };
		387D27381AE01C2800C900F2 /* Images.xcassets in Resources */ = {isa = PBXBuildFile; fileRef = 387D27371AE01C2800C900F2 /* Images.xcassets */; };
		387D273B1AE01C2800C900F2 /* LaunchScreen.xib in Resources */ = {isa = PBXBuildFile; fileRef = 387D27391AE01C2800C900F2 /* LaunchScreen.xib */; };
		387D27471AE01C2800C900F2 /* LearningTests.swift in Sources */ = {isa = PBXBuildFile; fileRef = 387D27461AE01C2800C900F2 /* LearningTests.swift */; };
/* End PBXBuildFile section */

/* Begin PBXContainerItemProxy section */
		387D27411AE01C2800C900F2 /* PBXContainerItemProxy */ = {
			isa = PBXContainerItemProxy;
			containerPortal = 387D27201AE01C2700C900F2 /* Project object */;
			proxyType = 1;
			remoteGlobalIDString = 387D27271AE01C2700C900F2;
			remoteInfo = Learning;
		};
/* End PBXContainerItemProxy section */

/* Begin PBXFileReference section */
		387D27281AE01C2700C900F2 /* Learning.app */ = {isa = PBXFileReference; explicitFileType = wrapper.application; includeInIndex = 0; path = Learning.app; sourceTree = BUILT_PRODUCTS_DIR; };
		387D272C1AE01C2700C900F2 /* Info.plist */ = {isa = PBXFileReference; lastKnownFileType = text.plist.xml; path = Info.plist; sourceTree = "<group>"; };
		387D272D1AE01C2700C900F2 /* AppDelegate.swift */ = {isa = PBXFileReference; lastKnownFileType = sourcecode.swift; path = AppDelegate.swift; sourceTree = "<group>"; };
		387D27301AE01C2800C900F2 /* Learning.xcdatamodel */ = {isa = PBXFileReference; lastKnownFileType = wrapper.xcdatamodel; path = Learning.xcdatamodel; sourceTree = "<group>"; };
		387D27321AE01C2800C900F2 /* ViewController.swift */ = {isa = PBXFileReference; lastKnownFileType = sourcecode.swift; path = ViewController.swift; sourceTree = "<group>"; };
		387D27351AE01C2800C900F2 /* Base */ = {isa = PBXFileReference; lastKnownFileType = file.storyboard; name = Base; path = Base.lproj/Main.storyboard; sourceTree = "<group>"; };
		387D27371AE01C2800C900F2 /* Images.xcassets */ = {isa = PBXFileReference; lastKnownFileType = folder.assetcatalog; path = Images.xcassets; sourceTree = "<group>"; };
		387D273A1AE01C2800C900F2 /* Base */ = {isa = PBXFileReference; lastKnownFileType = file.xib; name = Base; path = Base.lproj/LaunchScreen.xib; sourceTree = "<group>"; };
		387D27401AE01C2800C900F2 /* LearningTests.xctest */ = {isa = PBXFileReference; explicitFileType = wrapper.cfbundle; includeInIndex = 0; path = LearningTests.xctest; sourceTree = BUILT_PRODUCTS_DIR; };
		387D27451AE01C2800C900F2 /* Info.plist */ = {isa = PBXFileReference; lastKnownFileType = text.plist.xml; path = Info.plist; sourceTree = "<group>"; };
		387D27461AE01C2800C900F2 /* LearningTests.swift */ = {isa = PBXFileReference; lastKnownFileType = sourcecode.swift; path = LearningTests.swift; sourceTree = "<group>"; };
/* End PBXFileReference section */

/* Begin PBXFrameworksBuildPhase section */
		387D27251AE01C2700C900F2 /* Frameworks */ = {
			isa = PBXFrameworksBuildPhase;
			buildActionMask = 2147483647;
			files = (
			);
			runOnlyForDeploymentPostprocessing = 0;
		};
		387D273D1AE01C2800C900F2 /* Frameworks */ = {
			isa = PBXFrameworksBuildPhase;
			buildActionMask = 2147483647;
			files = (
			);
			runOnlyForDeploymentPostprocessing = 0;
		};
/* End PBXFrameworksBuildPhase section */

/* Begin PBXGroup section */
		387D271F1AE01C2700C900F2 = {
			isa = PBXGroup;
			children = (
				387D272A1AE01C2700C900F2 /* Learning */,
				387D27431AE01C2800C900F2 /* LearningTests */,
				387D27291AE01C2700C900F2 /* Products */,
			);
			sourceTree = "<group>";
		};
		387D27291AE01C2700C900F2 /* Products */ = {
			isa = PBXGroup;
			children = (
				387D27281AE01C2700C900F2 /* Learning.app */,
				387D27401AE01C2800C900F2 /* LearningTests.xctest */,
			);
			name = Products;
			sourceTree = "<group>";
		};
		387D272A1AE01C2700C900F2 /* Learning */ = {
			isa = PBXGroup;
			children = (
				387D272D1AE01C2700C900F2 /* AppDelegate.swift */,
				387D27321AE01C2800C900F2 /* ViewController.swift */,
				387D27341AE01C2800C900F2 /* Main.storyboard */,
				387D27371AE01C2800C900F2 /* Images.xcassets */,
				387D27391AE01C2800C900F2 /* LaunchScreen.xib */,
				387D272F1AE01C2800C900F2 /* Learning.xcdatamodeld */,
				387D272B1AE01C2700C900F2 /* Supporting Files */,
			);
			path = Learning;
			sourceTree = "<group>";
		};
		387D272B1AE01C2700C900F2 /* Supporting Files */ = {
			isa = PBXGroup;
			children = (
				387D272C1AE01C2700C900F2 /* Info.plist */,
			);
			name = "Supporting Files";
			sourceTree = "<group>";
		};
		387D27431AE01C2800C900F2 /* LearningTests */ = {
			isa = PBXGroup;
			children = (
				387D27461AE01C2800C900F2 /* LearningTests.swift */,
				387D27441AE01C2800C900F2 /* Supporting Files */,
			);
			path = LearningTests;
			sourceTree = "<group>";
		};
		387D27441AE01C2800C900F2 /* Supporting Files */ = {
			isa = PBXGroup;
			children = (
				387D27451AE01C2800C900F2 /* Info.plist */,
			);
			name = "Supporting Files";
			sourceTree = "<group>";
		};
/* End PBXGroup section */

/* Begin PBXNativeTarget section */
		387D27271AE01C2700C900F2 /* Learning */ = {
			isa = PBXNativeTarget;
			buildConfigurationList = 387D274A1AE01C2800C900F2 /* Build configuration list for PBXNativeTarget "Learning" */;
			buildPhases = (
				387D27241AE01C2700C900F2 /* Sources */,
				387D27251AE01C2700C900F2 /* Frameworks */,
				387D27261AE01C2700C900F2 /* Resources */,
			);
			buildRules = (
			);
			dependencies = (
			);
			name = Learning;
			productName = Learning;
			productReference = 387D27281AE01C2700C900F2 /* Learning.app */;
			productType = "com.apple.product-type.application";
		};
		387D273F1AE01C2800C900F2 /* LearningTests */ = {
			isa = PBXNativeTarget;
			buildConfigurationList = 387D274D1AE01C2800C900F2 /* Build configuration list for PBXNativeTarget "LearningTests" */;
			buildPhases = (
				387D273C1AE01C2800C900F2 /* Sources */,
				387D273D1AE01C2800C900F2 /* Frameworks */,
				387D273E1AE01C2800C900F2 /* Resources */,
			);
			buildRules = (
			);
			dependencies = (
				387D27421AE01C2800C900F2 /* PBXTargetDependency */,
			);
			name = LearningTests;
			productName = LearningTests;
			productReference = 387D27401AE01C2800C900F2 /* LearningTests.xctest */;
			productType = "com.apple.product-type.bundle.unit-test";
		};
/* End PBXNativeTarget section */

/* Begin PBXProject section */
		387D27201AE01C2700C900F2 /* Project object */ = {
			isa = PBXProject;
			attributes = {
				LastUpgradeCheck = 0630;
				ORGANIZATIONNAME = "Bruno Echenique Campanhã";
				TargetAttributes = {
					387D27271AE01C2700C900F2 = {
						CreatedOnToolsVersion = 6.3;
						DevelopmentTeam = A77JX2M963;
					};
					387D273F1AE01C2800C900F2 = {
						CreatedOnToolsVersion = 6.3;
						TestTargetID = 387D27271AE01C2700C900F2;
					};
				};
			};
			buildConfigurationList = 387D27231AE01C2700C900F2 /* Build configuration list for PBXProject "Learning" */;
			compatibilityVersion = "Xcode 3.2";
			developmentRegion = English;
			hasScannedForEncodings = 0;
			knownRegions = (
				en,
				Base,
			);
			mainGroup = 387D271F1AE01C2700C900F2;
			productRefGroup = 387D27291AE01C2700C900F2 /* Products */;
			projectDirPath = "";
			projectRoot = "";
			targets = (
				387D27271AE01C2700C900F2 /* Learning */,
				387D273F1AE01C2800C900F2 /* LearningTests */,
			);
		};
/* End PBXProject section */

/* Begin PBXResourcesBuildPhase section */
		387D27261AE01C2700C900F2 /* Resources */ = {
			isa = PBXResourcesBuildPhase;
			buildActionMask = 2147483647;
			files = (
				387D27361AE01C2800C900F2 /* Main.storyboard in Resources */,
				387D273B1AE01C2800C900F2 /* LaunchScreen.xib in Resources */,
				387D27381AE01C2800C900F2 /* Images.xcassets in Resources */,
			);
			runOnlyForDeploymentPostprocessing = 0;
		};
		387D273E1AE01C2800C900F2 /* Resources */ = {
			isa = PBXResourcesBuildPhase;
			buildActionMask = 2147483647;
			files = (
			);
			runOnlyForDeploymentPostprocessing = 0;
		};
/* End PBXResourcesBuildPhase section */

/* Begin PBXSourcesBuildPhase section */
		387D27241AE01C2700C900F2 /* Sources */ = {
			isa = PBXSourcesBuildPhase;
			buildActionMask = 2147483647;
			files = (
				387D27331AE01C2800C900F2 /* ViewController.swift in Sources */,
				387D272E1AE01C2700C900F2 /* AppDelegate.swift in Sources */,
				387D27311AE01C2800C900F2 /* Learning.xcdatamodeld in Sources */,
			);
			runOnlyForDeploymentPostprocessing = 0;
		};
		387D273C1AE01C2800C900F2 /* Sources */ = {
			isa = PBXSourcesBuildPhase;
			buildActionMask = 2147483647;
			files = (
				387D27471AE01C2800C900F2 /* LearningTests.swift in Sources */,
			);
			runOnlyForDeploymentPostprocessing = 0;
		};
/* End PBXSourcesBuildPhase section */

/* Begin PBXTargetDependency section */
		387D27421AE01C2800C900F2 /* PBXTargetDependency */ = {
			isa = PBXTargetDependency;
			target = 387D27271AE01C2700C900F2 /* Learning */;
			targetProxy = 387D27411AE01C2800C900F2 /* PBXContainerItemProxy */;
		};
/* End PBXTargetDependency section */

/* Begin PBXVariantGroup section */
		387D27341AE01C2800C900F2 /* Main.storyboard */ = {
			isa = PBXVariantGroup;
			children = (
				387D27351AE01C2800C900F2 /* Base */,
			);
			name = Main.storyboard;
			sourceTree = "<group>";
		};
		387D27391AE01C2800C900F2 /* LaunchScreen.xib */ = {
			isa = PBXVariantGroup;
			children = (
				387D273A1AE01C2800C900F2 /* Base */,
			);
			name = LaunchScreen.xib;
			sourceTree = "<group>";
		};
/* End PBXVariantGroup section */

/* Begin XCBuildConfiguration section */
		387D27481AE01C2800C900F2 /* Debug */ = {
			isa = XCBuildConfiguration;
			buildSettings = {
				ALWAYS_SEARCH_USER_PATHS = NO;
				CLANG_CXX_LANGUAGE_STANDARD = "gnu++0x";
				CLANG_CXX_LIBRARY = "libc++";
				CLANG_ENABLE_MODULES = YES;
				CLANG_ENABLE_OBJC_ARC = YES;
				CLANG_WARN_BOOL_CONVERSION = YES;
				CLANG_WARN_CONSTANT_CONVERSION = YES;
				CLANG_WARN_DIRECT_OBJC_ISA_USAGE = YES_ERROR;
				CLANG_WARN_EMPTY_BODY = YES;
				CLANG_WARN_ENUM_CONVERSION = YES;
				CLANG_WARN_INT_CONVERSION = YES;
				CLANG_WARN_OBJC_ROOT_CLASS = YES_ERROR;
				CLANG_WARN_UNREACHABLE_CODE = YES;
				CLANG_WARN__DUPLICATE_METHOD_MATCH = YES;
				"CODE_SIGN_IDENTITY[sdk=iphoneos*]" = "iPhone Developer";
				COPY_PHASE_STRIP = NO;
				DEBUG_INFORMATION_FORMAT = "dwarf-with-dsym";
				ENABLE_STRICT_OBJC_MSGSEND = YES;
				GCC_C_LANGUAGE_STANDARD = gnu99;
				GCC_DYNAMIC_NO_PIC = NO;
				GCC_NO_COMMON_BLOCKS = YES;
				GCC_OPTIMIZATION_LEVEL = 0;
				GCC_PREPROCESSOR_DEFINITIONS = (
					"DEBUG=1",
					"$(inherited)",
				);
				GCC_SYMBOLS_PRIVATE_EXTERN = NO;
				GCC_WARN_64_TO_32_BIT_CONVERSION = YES;
				GCC_WARN_ABOUT_RETURN_TYPE = YES_ERROR;
				GCC_WARN_UNDECLARED_SELECTOR = YES;
				GCC_WARN_UNINITIALIZED_AUTOS = YES_AGGRESSIVE;
				GCC_WARN_UNUSED_FUNCTION = YES;
				GCC_WARN_UNUSED_VARIABLE = YES;
				IPHONEOS_DEPLOYMENT_TARGET = 8.3;
				MTL_ENABLE_DEBUG_INFO = YES;
				ONLY_ACTIVE_ARCH = YES;
				SDKROOT = iphoneos;
				SWIFT_OPTIMIZATION_LEVEL = "-Onone";
			};
			name = Debug;
		};
		387D27491AE01C2800C900F2 /* Release */ = {
			isa = XCBuildConfiguration;
			buildSettings = {
				ALWAYS_SEARCH_USER_PATHS = NO;
				CLANG_CXX_LANGUAGE_STANDARD = "gnu++0x";
				CLANG_CXX_LIBRARY = "libc++";
				CLANG_ENABLE_MODULES = YES;
				CLANG_ENABLE_OBJC_ARC = YES;
				CLANG_WARN_BOOL_CONVERSION = YES;
				CLANG_WARN_CONSTANT_CONVERSION = YES;
				CLANG_WARN_DIRECT_OBJC_ISA_USAGE = YES_ERROR;
				CLANG_WARN_EMPTY_BODY = YES;
				CLANG_WARN_ENUM_CONVERSION = YES;
				CLANG_WARN_INT_CONVERSION = YES;
				CLANG_WARN_OBJC_ROOT_CLASS = YES_ERROR;
				CLANG_WARN_UNREACHABLE_CODE = YES;
				CLANG_WARN__DUPLICATE_METHOD_MATCH = YES;
				"CODE_SIGN_IDENTITY[sdk=iphoneos*]" = "iPhone Developer";
				COPY_PHASE_STRIP = NO;
				DEBUG_INFORMATION_FORMAT = "dwarf-with-dsym";
				ENABLE_NS_ASSERTIONS = NO;
				ENABLE_STRICT_OBJC_MSGSEND = YES;
				GCC_C_LANGUAGE_STANDARD = gnu99;
				GCC_NO_COMMON_BLOCKS = YES;
				GCC_WARN_64_TO_32_BIT_CONVERSION = YES;
				GCC_WARN_ABOUT_RETURN_TYPE = YES_ERROR;
				GCC_WARN_UNDECLARED_SELECTOR = YES;
				GCC_WARN_UNINITIALIZED_AUTOS = YES_AGGRESSIVE;
				GCC_WARN_UNUSED_FUNCTION = YES;
				GCC_WARN_UNUSED_VARIABLE = YES;
				IPHONEOS_DEPLOYMENT_TARGET = 8.3;
				MTL_ENABLE_DEBUG_INFO = NO;
				SDKROOT = iphoneos;
				VALIDATE_PRODUCT = YES;
			};
			name = Release;
		};
		387D274B1AE01C2800C900F2 /* Debug */ = {
			isa = XCBuildConfiguration;
			buildSettings = {
				ASSETCATALOG_COMPILER_APPICON_NAME = AppIcon;
				CODE_SIGN_IDENTITY = "iPhone Developer";
				INFOPLIST_FILE = Learning/Info.plist;
				LD_RUNPATH_SEARCH_PATHS = "$(inherited) @executable_path/Frameworks";
				PRODUCT_NAME = "$(TARGET_NAME)";
			};
			name = Debug;
		};
		387D274C1AE01C2800C900F2 /* Release */ = {
			isa = XCBuildConfiguration;
			buildSettings = {
				ASSETCATALOG_COMPILER_APPICON_NAME = AppIcon;
				CODE_SIGN_IDENTITY = "iPhone Developer";
				INFOPLIST_FILE = Learning/Info.plist;
				LD_RUNPATH_SEARCH_PATHS = "$(inherited) @executable_path/Frameworks";
				PRODUCT_NAME = "$(TARGET_NAME)";
			};
			name = Release;
		};
		387D274E1AE01C2800C900F2 /* Debug */ = {
			isa = XCBuildConfiguration;
			buildSettings = {
				BUNDLE_LOADER = "$(TEST_HOST)";
				FRAMEWORK_SEARCH_PATHS = (
					"$(SDKROOT)/Developer/Library/Frameworks",
					"$(inherited)",
				);
				GCC_PREPROCESSOR_DEFINITIONS = (
					"DEBUG=1",
					"$(inherited)",
				);
				INFOPLIST_FILE = LearningTests/Info.plist;
				LD_RUNPATH_SEARCH_PATHS = "$(inherited) @executable_path/Frameworks @loader_path/Frameworks";
				PRODUCT_NAME = "$(TARGET_NAME)";
				TEST_HOST = "$(BUILT_PRODUCTS_DIR)/Learning.app/Learning";
			};
			name = Debug;
		};
		387D274F1AE01C2800C900F2 /* Release */ = {
			isa = XCBuildConfiguration;
			buildSettings = {
				BUNDLE_LOADER = "$(TEST_HOST)";
				FRAMEWORK_SEARCH_PATHS = (
					"$(SDKROOT)/Developer/Library/Frameworks",
					"$(inherited)",
				);
				INFOPLIST_FILE = LearningTests/Info.plist;
				LD_RUNPATH_SEARCH_PATHS = "$(inherited) @executable_path/Frameworks @loader_path/Frameworks";
				PRODUCT_NAME = "$(TARGET_NAME)";
				TEST_HOST = "$(BUILT_PRODUCTS_DIR)/Learning.app/Learning";
			};
			name = Release;
		};
/* End XCBuildConfiguration section */

/* Begin XCConfigurationList section */
		387D27231AE01C2700C900F2 /* Build configuration list for PBXProject "Learning" */ = {
			isa = XCConfigurationList;
			buildConfigurations = (
				387D27481AE01C2800C900F2 /* Debug */,
				387D27491AE01C2800C900F2 /* Release */,
			);
			defaultConfigurationIsVisible = 0;
			defaultConfigurationName = Release;
		};
		387D274A1AE01C2800C900F2 /* Build configuration list for PBXNativeTarget "Learning" */ = {
			isa = XCConfigurationList;
			buildConfigurations = (
				387D274B1AE01C2800C900F2 /* Debug */,
				387D274C1AE01C2800C900F2 /* Release */,
			);
			defaultConfigurationIsVisible = 0;
		};
		387D274D1AE01C2800C900F2 /* Build configuration list for PBXNativeTarget "LearningTests" */ = {
			isa = XCConfigurationList;
			buildConfigurations = (
				387D274E1AE01C2800C900F2 /* Debug */,
				387D274F1AE01C2800C900F2 /* Release */,
			);
			defaultConfigurationIsVisible = 0;
		};
/* End XCConfigurationList section */

/* Begin XCVersionGroup section */
		387D272F1AE01C2800C900F2 /* Learning.xcdatamodeld */ = {
			isa = XCVersionGroup;
			children = (
				387D27301AE01C2800C900F2 /* Learning.xcdatamodel */,
			);
			currentVersion = 387D27301AE01C2800C900F2 /* Learning.xcdatamodel */;
			path = Learning.xcdatamodeld;
			sourceTree = "<group>";
			versionGroupType = wrapper.xcdatamodel;
		};
/* End XCVersionGroup section */
	};
	rootObject = 387D27201AE01C2700C900F2 /* Project object */;
}
